// !$*UTF8*$!
{
	archiveVersion = 1;
	classes = {
	};
	objectVersion = 46;
	objects = {

/* Begin PBXBuildFile section */
		740093331E795FD5005FF6B5 /* main.m in Sources */ = {isa = PBXBuildFile; fileRef = 740093321E795FD5005FF6B5 /* main.m */; };
		740093361E795FD5005FF6B5 /* AppDelegate.m in Sources */ = {isa = PBXBuildFile; fileRef = 740093351E795FD5005FF6B5 /* AppDelegate.m */; };
		740093391E795FD5005FF6B5 /* TestViewController.m in Sources */ = {isa = PBXBuildFile; fileRef = 740093381E795FD5005FF6B5 /* TestViewController.m */; };
		7400933C1E795FD5005FF6B5 /* Main.storyboard in Resources */ = {isa = PBXBuildFile; fileRef = 7400933A1E795FD5005FF6B5 /* Main.storyboard */; };
		7400933E1E795FD5005FF6B5 /* Assets.xcassets in Resources */ = {isa = PBXBuildFile; fileRef = 7400933D1E795FD5005FF6B5 /* Assets.xcassets */; };
		740093411E795FD5005FF6B5 /* LaunchScreen.storyboard in Resources */ = {isa = PBXBuildFile; fileRef = 7400933F1E795FD5005FF6B5 /* LaunchScreen.storyboard */; };
		7400934D1E79604C005FF6B5 /* NSObject+RLProperty.m in Sources */ = {isa = PBXBuildFile; fileRef = 7400934C1E79604C005FF6B5 /* NSObject+RLProperty.m */; };
/* End PBXBuildFile section */

/* Begin PBXFileReference section */
		7400932E1E795FD5005FF6B5 /* RuntimeLearn.app */ = {isa = PBXFileReference; explicitFileType = wrapper.application; includeInIndex = 0; path = RuntimeLearn.app; sourceTree = BUILT_PRODUCTS_DIR; };
		740093321E795FD5005FF6B5 /* main.m */ = {isa = PBXFileReference; lastKnownFileType = sourcecode.c.objc; path = main.m; sourceTree = "<group>"; };
		740093341E795FD5005FF6B5 /* AppDelegate.h */ = {isa = PBXFileReference; lastKnownFileType = sourcecode.c.h; path = AppDelegate.h; sourceTree = "<group>"; };
		740093351E795FD5005FF6B5 /* AppDelegate.m */ = {isa = PBXFileReference; lastKnownFileType = sourcecode.c.objc; path = AppDelegate.m; sourceTree = "<group>"; };
		740093371E795FD5005FF6B5 /* TestViewController.h */ = {isa = PBXFileReference; lastKnownFileType = sourcecode.c.h; path = TestViewController.h; sourceTree = "<group>"; };
		740093381E795FD5005FF6B5 /* TestViewController.m */ = {isa = PBXFileReference; lastKnownFileType = sourcecode.c.objc; path = TestViewController.m; sourceTree = "<group>"; };
		7400933B1E795FD5005FF6B5 /* Base */ = {isa = PBXFileReference; lastKnownFileType = file.storyboard; name = Base; path = Base.lproj/Main.storyboard; sourceTree = "<group>"; };
		7400933D1E795FD5005FF6B5 /* Assets.xcassets */ = {isa = PBXFileReference; lastKnownFileType = folder.assetcatalog; path = Assets.xcassets; sourceTree = "<group>"; };
		740093401E795FD5005FF6B5 /* Base */ = {isa = PBXFileReference; lastKnownFileType = file.storyboard; name = Base; path = Base.lproj/LaunchScreen.storyboard; sourceTree = "<group>"; };
		740093421E795FD5005FF6B5 /* Info.plist */ = {isa = PBXFileReference; lastKnownFileType = text.plist.xml; path = Info.plist; sourceTree = "<group>"; };
		7400934B1E79604C005FF6B5 /* NSObject+RLProperty.h */ = {isa = PBXFileReference; fileEncoding = 4; lastKnownFileType = sourcecode.c.h; path = "NSObject+RLProperty.h"; sourceTree = "<group>"; };
		7400934C1E79604C005FF6B5 /* NSObject+RLProperty.m */ = {isa = PBXFileReference; fileEncoding = 4; lastKnownFileType = sourcecode.c.objc; path = "NSObject+RLProperty.m"; sourceTree = "<group>"; };
/* End PBXFileReference section */

/* Begin PBXFrameworksBuildPhase section */
		7400932B1E795FD5005FF6B5 /* Frameworks */ = {
			isa = PBXFrameworksBuildPhase;
			buildActionMask = 2147483647;
			files = (
			);
			runOnlyForDeploymentPostprocessing = 0;
		};
/* End PBXFrameworksBuildPhase section */

/* Begin PBXGroup section */
		740093251E795FD5005FF6B5 = {
			isa = PBXGroup;
			children = (
				740093301E795FD5005FF6B5 /* RuntimeLearn */,
				7400932F1E795FD5005FF6B5 /* Products */,
			);
			sourceTree = "<group>";
		};
		7400932F1E795FD5005FF6B5 /* Products */ = {
			isa = PBXGroup;
			children = (
				7400932E1E795FD5005FF6B5 /* RuntimeLearn.app */,
			);
			name = Products;
			sourceTree = "<group>";
		};
		740093301E795FD5005FF6B5 /* RuntimeLearn */ = {
			isa = PBXGroup;
			children = (
				740093341E795FD5005FF6B5 /* AppDelegate.h */,
				740093351E795FD5005FF6B5 /* AppDelegate.m */,
				740093371E795FD5005FF6B5 /* TestViewController.h */,
				740093381E795FD5005FF6B5 /* TestViewController.m */,
				7400934B1E79604C005FF6B5 /* NSObject+RLProperty.h */,
				7400934C1E79604C005FF6B5 /* NSObject+RLProperty.m */,
				7400933A1E795FD5005FF6B5 /* Main.storyboard */,
				740093311E795FD5005FF6B5 /* Supporting Files */,
			);
			path = RuntimeLearn;
			sourceTree = "<group>";
		};
		740093311E795FD5005FF6B5 /* Supporting Files */ = {
			isa = PBXGroup;
			children = (
				7400933D1E795FD5005FF6B5 /* Assets.xcassets */,
				7400933F1E795FD5005FF6B5 /* LaunchScreen.storyboard */,
				740093421E795FD5005FF6B5 /* Info.plist */,
				740093321E795FD5005FF6B5 /* main.m */,
			);
			name = "Supporting Files";
			sourceTree = "<group>";
		};
/* End PBXGroup section */

/* Begin PBXNativeTarget section */
		7400932D1E795FD5005FF6B5 /* RuntimeLearn */ = {
			isa = PBXNativeTarget;
			buildConfigurationList = 740093451E795FD5005FF6B5 /* Build configuration list for PBXNativeTarget "RuntimeLearn" */;
			buildPhases = (
				7400932A1E795FD5005FF6B5 /* Sources */,
				7400932B1E795FD5005FF6B5 /* Frameworks */,
				7400932C1E795FD5005FF6B5 /* Resources */,
			);
			buildRules = (
			);
			dependencies = (
			);
			name = RuntimeLearn;
			productName = RuntimeLearn;
			productReference = 7400932E1E795FD5005FF6B5 /* RuntimeLearn.app */;
			productType = "com.apple.product-type.application";
		};
/* End PBXNativeTarget section */

/* Begin PBXProject section */
		740093261E795FD5005FF6B5 /* Project object */ = {
			isa = PBXProject;
			attributes = {
				CLASSPREFIX = RL;
				LastUpgradeCheck = 0820;
				ORGANIZATIONNAME = xiaowei;
				TargetAttributes = {
					7400932D1E795FD5005FF6B5 = {
						CreatedOnToolsVersion = 8.2.1;
						ProvisioningStyle = Automatic;
					};
				};
			};
			buildConfigurationList = 740093291E795FD5005FF6B5 /* Build configuration list for PBXProject "RuntimeLearn" */;
			compatibilityVersion = "Xcode 3.2";
			developmentRegion = English;
			hasScannedForEncodings = 0;
			knownRegions = (
				en,
				Base,
			);
			mainGroup = 740093251E795FD5005FF6B5;
			productRefGroup = 7400932F1E795FD5005FF6B5 /* Products */;
			projectDirPath = "";
			projectRoot = "";
			targets = (
				7400932D1E795FD5005FF6B5 /* RuntimeLearn */,
			);
		};
/* End PBXProject section */

/* Begin PBXResourcesBuildPhase section */
		7400932C1E795FD5005FF6B5 /* Resources */ = {
			isa = PBXResourcesBuildPhase;
			buildActionMask = 2147483647;
			files = (
				740093411E795FD5005FF6B5 /* LaunchScreen.storyboard in Resources */,
				7400933E1E795FD5005FF6B5 /* Assets.xcassets in Resources */,
				7400933C1E795FD5005FF6B5 /* Main.storyboard in Resources */,
			);
			runOnlyForDeploymentPostprocessing = 0;
		};
/* End PBXResourcesBuildPhase section */

/* Begin PBXSourcesBuildPhase section */
		7400932A1E795FD5005FF6B5 /* Sources */ = {
			isa = PBXSourcesBuildPhase;
			buildActionMask = 2147483647;
			files = (
				740093391E795FD5005FF6B5 /* TestViewController.m in Sources */,
				740093361E795FD5005FF6B5 /* AppDelegate.m in Sources */,
				7400934D1E79604C005FF6B5 /* NSObject+RLProperty.m in Sources */,
				740093331E795FD5005FF6B5 /* main.m in Sources */,
			);
			runOnlyForDeploymentPostprocessing = 0;
		};
/* End PBXSourcesBuildPhase section */

/* Begin PBXVariantGroup section */
		7400933A1E795FD5005FF6B5 /* Main.storyboard */ = {
			isa = PBXVariantGroup;
			children = (
				7400933B1E795FD5005FF6B5 /* Base */,
			);
			name = Main.storyboard;
			sourceTree = "<group>";
		};
		7400933F1E795FD5005FF6B5 /* LaunchScreen.storyboard */ = {
			isa = PBXVariantGroup;
			children = (
				740093401E795FD5005FF6B5 /* Base */,
			);
			name = LaunchScreen.storyboard;
			sourceTree = "<group>";
		};
/* End PBXVariantGroup section */

/* Begin XCBuildConfiguration section */
		740093431E795FD5005FF6B5 /* Debug */ = {
			isa = XCBuildConfiguration;
			buildSettings = {
				ALWAYS_SEARCH_USER_PATHS = NO;
				CLANG_ANALYZER_NONNULL = YES;
				CLANG_CXX_LANGUAGE_STANDARD = "gnu++0x";
				CLANG_CXX_LIBRARY = "libc++";
				CLANG_ENABLE_MODULES = YES;
				CLANG_ENABLE_OBJC_ARC = YES;
				CLANG_WARN_BOOL_CONVERSION = YES;
				CLANG_WARN_CONSTANT_CONVERSION = YES;
				CLANG_WARN_DIRECT_OBJC_ISA_USAGE = YES_ERROR;
				CLANG_WARN_DOCUMENTATION_COMMENTS = YES;
				CLANG_WARN_EMPTY_BODY = YES;
				CLANG_WARN_ENUM_CONVERSION = YES;
				CLANG_WARN_INFINITE_RECURSION = YES;
				CLANG_WARN_INT_CONVERSION = YES;
				CLANG_WARN_OBJC_ROOT_CLASS = YES_ERROR;
				CLANG_WARN_SUSPICIOUS_MOVE = YES;
				CLANG_WARN_UNREACHABLE_CODE = YES;
				CLANG_WARN__DUPLICATE_METHOD_MATCH = YES;
				"CODE_SIGN_IDENTITY[sdk=iphoneos*]" = "iPhone Developer";
				COPY_PHASE_STRIP = NO;
				DEBUG_INFORMATION_FORMAT = dwarf;
				ENABLE_STRICT_OBJC_MSGSEND = YES;
				ENABLE_TESTABILITY = YES;
				GCC_C_LANGUAGE_STANDARD = gnu99;
				GCC_DYNAMIC_NO_PIC = NO;
				GCC_NO_COMMON_BLOCKS = YES;
				GCC_OPTIMIZATION_LEVEL = 0;
				GCC_PREPROCESSOR_DEFINITIONS = (
					"DEBUG=1",
					"$(inherited)",
				);
				GCC_WARN_64_TO_32_BIT_CONVERSION = YES;
				GCC_WARN_ABOUT_RETURN_TYPE = YES_ERROR;
				GCC_WARN_UNDECLARED_SELECTOR = YES;
				GCC_WARN_UNINITIALIZED_AUTOS = YES_AGGRESSIVE;
				GCC_WARN_UNUSED_FUNCTION = YES;
				GCC_WARN_UNUSED_VARIABLE = YES;
				IPHONEOS_DEPLOYMENT_TARGET = 10.2;
				MTL_ENABLE_DEBUG_INFO = YES;
				ONLY_ACTIVE_ARCH = YES;
				SDKROOT = iphoneos;
				TARGETED_DEVICE_FAMILY = "1,2";
			};
			name = Debug;
		};
		740093441E795FD5005FF6B5 /* Release */ = {
			isa = XCBuildConfiguration;
			buildSettings = {
				ALWAYS_SEARCH_USER_PATHS = NO;
				CLANG_ANALYZER_NONNULL = YES;
				CLANG_CXX_LANGUAGE_STANDARD = "gnu++0x";
				CLANG_CXX_LIBRARY = "libc++";
				CLANG_ENABLE_MODULES = YES;
				CLANG_ENABLE_OBJC_ARC = YES;
				CLANG_WARN_BOOL_CONVERSION = YES;
				CLANG_WARN_CONSTANT_CONVERSION = YES;
				CLANG_WARN_DIRECT_OBJC_ISA_USAGE = YES_ERROR;
				CLANG_WARN_DOCUMENTATION_COMMENTS = YES;
				CLANG_WARN_EMPTY_BODY = YES;
				CLANG_WARN_ENUM_CONVERSION = YES;
				CLANG_WARN_INFINITE_RECURSION = YES;
				CLANG_WARN_INT_CONVERSION = YES;
				CLANG_WARN_OBJC_ROOT_CLASS = YES_ERROR;
				CLANG_WARN_SUSPICIOUS_MOVE = YES;
				CLANG_WARN_UNREACHABLE_CODE = YES;
				CLANG_WARN__DUPLICATE_METHOD_MATCH = YES;
				"CODE_SIGN_IDENTITY[sdk=iphoneos*]" = "iPhone Developer";
				COPY_PHASE_STRIP = NO;
				DEBUG_INFORMATION_FORMAT = "dwarf-with-dsym";
				ENABLE_NS_ASSERTIONS = NO;
				ENABLE_STRICT_OBJC_MSGSEND = YES;
				GCC_C_LANGUAGE_STANDARD = gnu99;
				GCC_NO_COMMON_BLOCKS = YES;
				GCC_WARN_64_TO_32_BIT_CONVERSION = YES;
				GCC_WARN_ABOUT_RETURN_TYPE = YES_ERROR;
				GCC_WARN_UNDECLARED_SELECTOR = YES;
				GCC_WARN_UNINITIALIZED_AUTOS = YES_AGGRESSIVE;
				GCC_WARN_UNUSED_FUNCTION = YES;
				GCC_WARN_UNUSED_VARIABLE = YES;
				IPHONEOS_DEPLOYMENT_TARGET = 10.2;
				MTL_ENABLE_DEBUG_INFO = NO;
				SDKROOT = iphoneos;
				TARGETED_DEVICE_FAMILY = "1,2";
				VALIDATE_PRODUCT = YES;
			};
			name = Release;
		};
		740093461E795FD5005FF6B5 /* Debug */ = {
			isa = XCBuildConfiguration;
			buildSettings = {
				ASSETCATALOG_COMPILER_APPICON_NAME = AppIcon;
				INFOPLIST_FILE = RuntimeLearn/Info.plist;
				LD_RUNPATH_SEARCH_PATHS = "$(inherited) @executable_path/Frameworks";
				PRODUCT_BUNDLE_IDENTIFIER = com.xiaowei.RuntimeLearn;
				PRODUCT_NAME = "$(TARGET_NAME)";
			};
			name = Debug;
		};
		740093471E795FD5005FF6B5 /* Release */ = {
			isa = XCBuildConfiguration;
			buildSettings = {
				ASSETCATALOG_COMPILER_APPICON_NAME = AppIcon;
				INFOPLIST_FILE = RuntimeLearn/Info.plist;
				LD_RUNPATH_SEARCH_PATHS = "$(inherited) @executable_path/Frameworks";
				PRODUCT_BUNDLE_IDENTIFIER = com.xiaowei.RuntimeLearn;
				PRODUCT_NAME = "$(TARGET_NAME)";
			};
			name = Release;
		};
/* End XCBuildConfiguration section */

/* Begin XCConfigurationList section */
		740093291E795FD5005FF6B5 /* Build configuration list for PBXProject "RuntimeLearn" */ = {
			isa = XCConfigurationList;
			buildConfigurations = (
				740093431E795FD5005FF6B5 /* Debug */,
				740093441E795FD5005FF6B5 /* Release */,
			);
			defaultConfigurationIsVisible = 0;
			defaultConfigurationName = Release;
		};
		740093451E795FD5005FF6B5 /* Build configuration list for PBXNativeTarget "RuntimeLearn" */ = {
			isa = XCConfigurationList;
			buildConfigurations = (
				740093461E795FD5005FF6B5 /* Debug */,
				740093471E795FD5005FF6B5 /* Release */,
			);
			defaultConfigurationIsVisible = 0;
			defaultConfigurationName = Release;
		};
/* End XCConfigurationList section */
	};
	rootObject = 740093261E795FD5005FF6B5 /* Project object */;
}
